
Microsoft Visual Studio Solution File, Format Version 12.00
# Visual Studio Version 17
VisualStudioVersion = 17.12.35527.113 d17.12
MinimumVisualStudioVersion = 10.0.40219.1
Project("{FAE04EC0-301F-11D3-BF4B-00C04F79EFBC}") = "WindowsFormsApp1", "WindowsFormsApp1\WindowsFormsApp1.csproj", "{1434A9DE-7FA5-4D2E-BDC6-98B684333AF9}"
EndProject
Project("{2150E333-8FDC-42A3-9474-1A3956D46DE8}") = "Itens de Solução", "Itens de Solução", "{B5B80526-3DFF-4640-AB36-237831522DC4}"
	ProjectSection(SolutionItems) = preProject
		TelaInicial = TelaInicial
	EndProjectSection
EndProject
Global
	GlobalSection(SolutionConfigurationPlatforms) = preSolution
		Debug|Any CPU = Debug|Any CPU
		Release|Any CPU = Release|Any CPU
	EndGlobalSection
	GlobalSection(ProjectConfigurationPlatforms) = postSolution
		{1434A9DE-7FA5-4D2E-BDC6-98B684333AF9}.Debug|Any CPU.ActiveCfg = Debug|Any CPU
		{1434A9DE-7FA5-4D2E-BDC6-98B684333AF9}.Debug|Any CPU.Build.0 = Debug|Any CPU
		{1434A9DE-7FA5-4D2E-BDC6-98B684333AF9}.Release|Any CPU.ActiveCfg = Release|Any CPU
		{1434A9DE-7FA5-4D2E-BDC6-98B684333AF9}.Release|Any CPU.Build.0 = Release|Any CPU
	EndGlobalSection
	GlobalSection(SolutionProperties) = preSolution
		HideSolutionNode = FALSE
	EndGlobalSection
EndGlobal
